<Solution>
  <Project Path="Fungus.csproj" />
  <Project Path="FungusEditor.csproj" />
  <Project Path="Zenject.csproj" />
  <Project Path="Zenject-Editor.csproj" />
  <Project Path="Assembly-CSharp-Editor.csproj" />
  <Project Path="Fungus.FungusLuaEditor.csproj" />
  <Project Path="Fungus.UsfxrEditor.csproj" />
  <Project Path="Assembly-CSharp.csproj" />
  <Project Path="Fungus.LineEndingsEditor.csproj" />
  <Project Path="Fungus.FungusLuaJSONCheckerEditor.csproj" />
</Solution>
